
Microsoft Visual Studio Solution File, Format Version 12.00
# Visual Studio Version 16
VisualStudioVersion = 16.0.32510.428
MinimumVisualStudioVersion = 10.0.40219.1
Project("{8BC9CEB8-8B4A-11D0-8D11-00A0C91BC942}") = "C2", "C2\C2.vcxproj", "{591E93C9-83EA-4E9F-AE1E-F3B40310D3AB}"
EndProject
Project("{8BC9CEB8-8B4A-11D0-8D11-00A0C91BC942}") = "C1", "C1\C1.vcxproj", "{7A559A7B-AA09-429C-AE90-2921CD0C827C}"
EndProject
Project("{8BC9CEB8-8B4A-11D0-8D11-00A0C91BC942}") = "C3", "C3\C3.vcxproj", "{135A30DF-FFD2-4ED1-9E8A-F8B4B738109C}"
EndProject
Project("{8BC9CEB8-8B4A-11D0-8D11-00A0C91BC942}") = "C4", "C4\C4.vcxproj", "{91E7FB5B-A932-4DBC-8F1D-FDEDC37905AB}"
EndProject
Project("{8BC9CEB8-8B4A-11D0-8D11-00A0C91BC942}") = "_TEST", "_TEST\_TEST.vcxproj", "{CB123F50-0BF5-44EE-A871-145F54E0EF2B}"
EndProject
Project("{8BC9CEB8-8B4A-11D0-8D11-00A0C91BC942}") = "C5", "C5\C5.vcxproj", "{24C9140B-F7CD-4913-9D5F-C764EB8EDFB0}"
EndProject
Project("{8BC9CEB8-8B4A-11D0-8D11-00A0C91BC942}") = "C6", "C6\C6.vcxproj", "{72E9C6DF-5B7A-489A-A09E-F1BB5FCD0E67}"
EndProject
Project("{8BC9CEB8-8B4A-11D0-8D11-00A0C91BC942}") = "C7", "C7\C7.vcxproj", "{EA9FAF5C-24D6-41F0-9525-31920CD98108}"
EndProject
Project("{8BC9CEB8-8B4A-11D0-8D11-00A0C91BC942}") = "C8", "C8\C8.vcxproj", "{6F0F179D-9F13-4532-8D65-EF944D9D41F6}"
EndProject
Global
	GlobalSection(SolutionConfigurationPlatforms) = preSolution
		Debug|x64 = Debug|x64
		Debug|x86 = Debug|x86
		Release|x64 = Release|x64
		Release|x86 = Release|x86
	EndGlobalSection
	GlobalSection(ProjectConfigurationPlatforms) = postSolution
		{591E93C9-83EA-4E9F-AE1E-F3B40310D3AB}.Debug|x64.ActiveCfg = Debug|x64
		{591E93C9-83EA-4E9F-AE1E-F3B40310D3AB}.Debug|x64.Build.0 = Debug|x64
		{591E93C9-83EA-4E9F-AE1E-F3B40310D3AB}.Debug|x86.ActiveCfg = Debug|Win32
		{591E93C9-83EA-4E9F-AE1E-F3B40310D3AB}.Debug|x86.Build.0 = Debug|Win32
		{591E93C9-83EA-4E9F-AE1E-F3B40310D3AB}.Release|x64.ActiveCfg = Release|x64
		{591E93C9-83EA-4E9F-AE1E-F3B40310D3AB}.Release|x64.Build.0 = Release|x64
		{591E93C9-83EA-4E9F-AE1E-F3B40310D3AB}.Release|x86.ActiveCfg = Release|Win32
		{591E93C9-83EA-4E9F-AE1E-F3B40310D3AB}.Release|x86.Build.0 = Release|Win32
		{7A559A7B-AA09-429C-AE90-2921CD0C827C}.Debug|x64.ActiveCfg = Debug|x64
		{7A559A7B-AA09-429C-AE90-2921CD0C827C}.Debug|x64.Build.0 = Debug|x64
		{7A559A7B-AA09-429C-AE90-2921CD0C827C}.Debug|x86.ActiveCfg = Debug|Win32
		{7A559A7B-AA09-429C-AE90-2921CD0C827C}.Debug|x86.Build.0 = Debug|Win32
		{7A559A7B-AA09-429C-AE90-2921CD0C827C}.Release|x64.ActiveCfg = Release|x64
		{7A559A7B-AA09-429C-AE90-2921CD0C827C}.Release|x64.Build.0 = Release|x64
		{7A559A7B-AA09-429C-AE90-2921CD0C827C}.Release|x86.ActiveCfg = Release|Win32
		{7A559A7B-AA09-429C-AE90-2921CD0C827C}.Release|x86.Build.0 = Release|Win32
		{135A30DF-FFD2-4ED1-9E8A-F8B4B738109C}.Debug|x64.ActiveCfg = Debug|x64
		{135A30DF-FFD2-4ED1-9E8A-F8B4B738109C}.Debug|x64.Build.0 = Debug|x64
		{135A30DF-FFD2-4ED1-9E8A-F8B4B738109C}.Debug|x86.ActiveCfg = Debug|Win32
		{135A30DF-FFD2-4ED1-9E8A-F8B4B738109C}.Debug|x86.Build.0 = Debug|Win32
		{135A30DF-FFD2-4ED1-9E8A-F8B4B738109C}.Release|x64.ActiveCfg = Release|x64
		{135A30DF-FFD2-4ED1-9E8A-F8B4B738109C}.Release|x64.Build.0 = Release|x64
		{135A30DF-FFD2-4ED1-9E8A-F8B4B738109C}.Release|x86.ActiveCfg = Release|Win32
		{135A30DF-FFD2-4ED1-9E8A-F8B4B738109C}.Release|x86.Build.0 = Release|Win32
		{91E7FB5B-A932-4DBC-8F1D-FDEDC37905AB}.Debug|x64.ActiveCfg = Debug|x64
		{91E7FB5B-A932-4DBC-8F1D-FDEDC37905AB}.Debug|x64.Build.0 = Debug|x64
		{91E7FB5B-A932-4DBC-8F1D-FDEDC37905AB}.Debug|x86.ActiveCfg = Debug|Win32
		{91E7FB5B-A932-4DBC-8F1D-FDEDC37905AB}.Debug|x86.Build.0 = Debug|Win32
		{91E7FB5B-A932-4DBC-8F1D-FDEDC37905AB}.Release|x64.ActiveCfg = Release|x64
		{91E7FB5B-A932-4DBC-8F1D-FDEDC37905AB}.Release|x64.Build.0 = Release|x64
		{91E7FB5B-A932-4DBC-8F1D-FDEDC37905AB}.Release|x86.ActiveCfg = Release|Win32
		{91E7FB5B-A932-4DBC-8F1D-FDEDC37905AB}.Release|x86.Build.0 = Release|Win32
		{CB123F50-0BF5-44EE-A871-145F54E0EF2B}.Debug|x64.ActiveCfg = Debug|x64
		{CB123F50-0BF5-44EE-A871-145F54E0EF2B}.Debug|x64.Build.0 = Debug|x64
		{CB123F50-0BF5-44EE-A871-145F54E0EF2B}.Debug|x86.ActiveCfg = Debug|Win32
		{CB123F50-0BF5-44EE-A871-145F54E0EF2B}.Debug|x86.Build.0 = Debug|Win32
		{CB123F50-0BF5-44EE-A871-145F54E0EF2B}.Release|x64.ActiveCfg = Release|x64
		{CB123F50-0BF5-44EE-A871-145F54E0EF2B}.Release|x64.Build.0 = Release|x64
		{CB123F50-0BF5-44EE-A871-145F54E0EF2B}.Release|x86.ActiveCfg = Release|Win32
		{CB123F50-0BF5-44EE-A871-145F54E0EF2B}.Release|x86.Build.0 = Release|Win32
		{24C9140B-F7CD-4913-9D5F-C764EB8EDFB0}.Debug|x64.ActiveCfg = Debug|x64
		{24C9140B-F7CD-4913-9D5F-C764EB8EDFB0}.Debug|x64.Build.0 = Debug|x64
		{24C9140B-F7CD-4913-9D5F-C764EB8EDFB0}.Debug|x86.ActiveCfg = Debug|Win32
		{24C9140B-F7CD-4913-9D5F-C764EB8EDFB0}.Debug|x86.Build.0 = Debug|Win32
		{24C9140B-F7CD-4913-9D5F-C764EB8EDFB0}.Release|x64.ActiveCfg = Release|x64
		{24C9140B-F7CD-4913-9D5F-C764EB8EDFB0}.Release|x64.Build.0 = Release|x64
		{24C9140B-F7CD-4913-9D5F-C764EB8EDFB0}.Release|x86.ActiveCfg = Release|Win32
		{24C9140B-F7CD-4913-9D5F-C764EB8EDFB0}.Release|x86.Build.0 = Release|Win32
		{72E9C6DF-5B7A-489A-A09E-F1BB5FCD0E67}.Debug|x64.ActiveCfg = Debug|x64
		{72E9C6DF-5B7A-489A-A09E-F1BB5FCD0E67}.Debug|x64.Build.0 = Debug|x64
		{72E9C6DF-5B7A-489A-A09E-F1BB5FCD0E67}.Debug|x86.ActiveCfg = Debug|Win32
		{72E9C6DF-5B7A-489A-A09E-F1BB5FCD0E67}.Debug|x86.Build.0 = Debug|Win32
		{72E9C6DF-5B7A-489A-A09E-F1BB5FCD0E67}.Release|x64.ActiveCfg = Release|x64
		{72E9C6DF-5B7A-489A-A09E-F1BB5FCD0E67}.Release|x64.Build.0 = Release|x64
		{72E9C6DF-5B7A-489A-A09E-F1BB5FCD0E67}.Release|x86.ActiveCfg = Release|Win32
		{72E9C6DF-5B7A-489A-A09E-F1BB5FCD0E67}.Release|x86.Build.0 = Release|Win32
		{EA9FAF5C-24D6-41F0-9525-31920CD98108}.Debug|x64.ActiveCfg = Debug|x64
		{EA9FAF5C-24D6-41F0-9525-31920CD98108}.Debug|x64.Build.0 = Debug|x64
		{EA9FAF5C-24D6-41F0-9525-31920CD98108}.Debug|x86.ActiveCfg = Debug|Win32
		{EA9FAF5C-24D6-41F0-9525-31920CD98108}.Debug|x86.Build.0 = Debug|Win32
		{EA9FAF5C-24D6-41F0-9525-31920CD98108}.Release|x64.ActiveCfg = Release|x64
		{EA9FAF5C-24D6-41F0-9525-31920CD98108}.Release|x64.Build.0 = Release|x64
		{EA9FAF5C-24D6-41F0-9525-31920CD98108}.Release|x86.ActiveCfg = Release|Win32
		{EA9FAF5C-24D6-41F0-9525-31920CD98108}.Release|x86.Build.0 = Release|Win32
		{6F0F179D-9F13-4532-8D65-EF944D9D41F6}.Debug|x64.ActiveCfg = Debug|x64
		{6F0F179D-9F13-4532-8D65-EF944D9D41F6}.Debug|x64.Build.0 = Debug|x64
		{6F0F179D-9F13-4532-8D65-EF944D9D41F6}.Debug|x86.ActiveCfg = Debug|Win32
		{6F0F179D-9F13-4532-8D65-EF944D9D41F6}.Debug|x86.Build.0 = Debug|Win32
		{6F0F179D-9F13-4532-8D65-EF944D9D41F6}.Release|x64.ActiveCfg = Release|x64
		{6F0F179D-9F13-4532-8D65-EF944D9D41F6}.Release|x64.Build.0 = Release|x64
		{6F0F179D-9F13-4532-8D65-EF944D9D41F6}.Release|x86.ActiveCfg = Release|Win32
		{6F0F179D-9F13-4532-8D65-EF944D9D41F6}.Release|x86.Build.0 = Release|Win32
	EndGlobalSection
	GlobalSection(SolutionProperties) = preSolution
		HideSolutionNode = FALSE
	EndGlobalSection
	GlobalSection(ExtensibilityGlobals) = postSolution
		SolutionGuid = {17E7DAD8-E97B-4DC0-B8FF-65B1EE90EBA6}
	EndGlobalSection
EndGlobal
